
Microsoft Visual Studio Solution File, Format Version 12.00
# Visual Studio Version 16
VisualStudioVersion = 16.0.31911.196
MinimumVisualStudioVersion = 10.0.40219.1
Project("{9A19103F-16F7-4668-BE54-9A1E7A4F7556}") = "KampIntro", "KampIntro\KampIntro.csproj", "{0B669F1A-BA80-4677-AC4A-0953CB442557}"
EndProject
Project("{9A19103F-16F7-4668-BE54-9A1E7A4F7556}") = "Donguler", "Donguler\Donguler.csproj", "{B8F1214A-DFA6-4B2C-9F1B-953CFD251D53}"
EndProject
Project("{9A19103F-16F7-4668-BE54-9A1E7A4F7556}") = "ClassIntro", "ClassIntro\ClassIntro.csproj", "{E9D1104F-4159-473E-B68D-E2F2A8469A8A}"
EndProject
Project("{9A19103F-16F7-4668-BE54-9A1E7A4F7556}") = "Metotlar", "Metotlar\Metotlar.csproj", "{7F87F040-A665-4F85-A5C1-26E3600B7A58}"
EndProject
Project("{9A19103F-16F7-4668-BE54-9A1E7A4F7556}") = "Matematik", "Matematik\Matematik.csproj", "{A4749316-8EA6-4013-8D1B-F5D68CCED43C}"
EndProject
Project("{9A19103F-16F7-4668-BE54-9A1E7A4F7556}") = "DegerVeReferansTipler", "DegerVeReferansTipler\DegerVeReferansTipler.csproj", "{2B18E9CA-966D-4376-8F8C-30A388BD73D9}"
EndProject
Project("{9A19103F-16F7-4668-BE54-9A1E7A4F7556}") = "OOP1", "OOP1\OOP1.csproj", "{EAB5BC24-8C0F-4B32-A7AB-EDDAD942C986}"
EndProject
Project("{FAE04EC0-301F-11D3-BF4B-00C04F79EFBC}") = "OOP2", "OOP2\OOP2.csproj", "{95F90050-211E-46AE-8A6B-F6D752C899C1}"
EndProject
Global
	GlobalSection(SolutionConfigurationPlatforms) = preSolution
		Debug|Any CPU = Debug|Any CPU
		Release|Any CPU = Release|Any CPU
	EndGlobalSection
	GlobalSection(ProjectConfigurationPlatforms) = postSolution
		{0B669F1A-BA80-4677-AC4A-0953CB442557}.Debug|Any CPU.ActiveCfg = Debug|Any CPU
		{0B669F1A-BA80-4677-AC4A-0953CB442557}.Debug|Any CPU.Build.0 = Debug|Any CPU
		{0B669F1A-BA80-4677-AC4A-0953CB442557}.Release|Any CPU.ActiveCfg = Release|Any CPU
		{0B669F1A-BA80-4677-AC4A-0953CB442557}.Release|Any CPU.Build.0 = Release|Any CPU
		{B8F1214A-DFA6-4B2C-9F1B-953CFD251D53}.Debug|Any CPU.ActiveCfg = Debug|Any CPU
		{B8F1214A-DFA6-4B2C-9F1B-953CFD251D53}.Debug|Any CPU.Build.0 = Debug|Any CPU
		{B8F1214A-DFA6-4B2C-9F1B-953CFD251D53}.Release|Any CPU.ActiveCfg = Release|Any CPU
		{B8F1214A-DFA6-4B2C-9F1B-953CFD251D53}.Release|Any CPU.Build.0 = Release|Any CPU
		{E9D1104F-4159-473E-B68D-E2F2A8469A8A}.Debug|Any CPU.ActiveCfg = Debug|Any CPU
		{E9D1104F-4159-473E-B68D-E2F2A8469A8A}.Debug|Any CPU.Build.0 = Debug|Any CPU
		{E9D1104F-4159-473E-B68D-E2F2A8469A8A}.Release|Any CPU.ActiveCfg = Release|Any CPU
		{E9D1104F-4159-473E-B68D-E2F2A8469A8A}.Release|Any CPU.Build.0 = Release|Any CPU
		{7F87F040-A665-4F85-A5C1-26E3600B7A58}.Debug|Any CPU.ActiveCfg = Debug|Any CPU
		{7F87F040-A665-4F85-A5C1-26E3600B7A58}.Debug|Any CPU.Build.0 = Debug|Any CPU
		{7F87F040-A665-4F85-A5C1-26E3600B7A58}.Release|Any CPU.ActiveCfg = Release|Any CPU
		{7F87F040-A665-4F85-A5C1-26E3600B7A58}.Release|Any CPU.Build.0 = Release|Any CPU
		{A4749316-8EA6-4013-8D1B-F5D68CCED43C}.Debug|Any CPU.ActiveCfg = Debug|Any CPU
		{A4749316-8EA6-4013-8D1B-F5D68CCED43C}.Debug|Any CPU.Build.0 = Debug|Any CPU
		{A4749316-8EA6-4013-8D1B-F5D68CCED43C}.Release|Any CPU.ActiveCfg = Release|Any CPU
		{A4749316-8EA6-4013-8D1B-F5D68CCED43C}.Release|Any CPU.Build.0 = Release|Any CPU
		{2B18E9CA-966D-4376-8F8C-30A388BD73D9}.Debug|Any CPU.ActiveCfg = Debug|Any CPU
		{2B18E9CA-966D-4376-8F8C-30A388BD73D9}.Debug|Any CPU.Build.0 = Debug|Any CPU
		{2B18E9CA-966D-4376-8F8C-30A388BD73D9}.Release|Any CPU.ActiveCfg = Release|Any CPU
		{2B18E9CA-966D-4376-8F8C-30A388BD73D9}.Release|Any CPU.Build.0 = Release|Any CPU
		{EAB5BC24-8C0F-4B32-A7AB-EDDAD942C986}.Debug|Any CPU.ActiveCfg = Debug|Any CPU
		{EAB5BC24-8C0F-4B32-A7AB-EDDAD942C986}.Debug|Any CPU.Build.0 = Debug|Any CPU
		{EAB5BC24-8C0F-4B32-A7AB-EDDAD942C986}.Release|Any CPU.ActiveCfg = Release|Any CPU
		{EAB5BC24-8C0F-4B32-A7AB-EDDAD942C986}.Release|Any CPU.Build.0 = Release|Any CPU
		{95F90050-211E-46AE-8A6B-F6D752C899C1}.Debug|Any CPU.ActiveCfg = Debug|Any CPU
		{95F90050-211E-46AE-8A6B-F6D752C899C1}.Debug|Any CPU.Build.0 = Debug|Any CPU
		{95F90050-211E-46AE-8A6B-F6D752C899C1}.Release|Any CPU.ActiveCfg = Release|Any CPU
		{95F90050-211E-46AE-8A6B-F6D752C899C1}.Release|Any CPU.Build.0 = Release|Any CPU
	EndGlobalSection
	GlobalSection(SolutionProperties) = preSolution
		HideSolutionNode = FALSE
	EndGlobalSection
	GlobalSection(ExtensibilityGlobals) = postSolution
		SolutionGuid = {613B4A0D-8530-495C-8E54-D2345356E67F}
	EndGlobalSection
EndGlobal
