
Microsoft Visual Studio Solution File, Format Version 12.00
# Visual Studio Version 17
VisualStudioVersion = 17.4.33213.308
MinimumVisualStudioVersion = 10.0.40219.1
Project("{9A19103F-16F7-4668-BE54-9A1E7A4F7556}") = "KampIntro", "KampIntro\KampIntro.csproj", "{F8188586-94B2-437F-9705-65F2CDB082C8}"
EndProject
Project("{9A19103F-16F7-4668-BE54-9A1E7A4F7556}") = "Donguler", "Donguler\Donguler.csproj", "{73370698-BF92-4A96-A879-02CA1BB0840F}"
EndProject
Project("{9A19103F-16F7-4668-BE54-9A1E7A4F7556}") = "ClassIntro", "ClassIntro\ClassIntro.csproj", "{3705A83B-4748-447E-960F-05FF9A1AC04F}"
EndProject
Project("{9A19103F-16F7-4668-BE54-9A1E7A4F7556}") = "Metotlar", "Metotlar\Metotlar.csproj", "{D015FF90-8503-4799-94F3-CE02FC4CEDE7}"
EndProject
Project("{9A19103F-16F7-4668-BE54-9A1E7A4F7556}") = "Matematik", "Matematik\Matematik.csproj", "{B170CA7E-4FC3-4297-946B-66B7E72BDF14}"
EndProject
Project("{9A19103F-16F7-4668-BE54-9A1E7A4F7556}") = "DegerVeReferansTipler", "DegerVeReferansTipler\DegerVeReferansTipler.csproj", "{80EC6F5E-D851-47B0-B38E-E47F3394381E}"
EndProject
Project("{9A19103F-16F7-4668-BE54-9A1E7A4F7556}") = "OOP1", "OOP1\OOP1.csproj", "{31C824AA-F657-4D5B-9CF0-8AA9CBBA5D50}"
EndProject
Project("{9A19103F-16F7-4668-BE54-9A1E7A4F7556}") = "Koleksiyonlar", "Koleksiyonlar\Koleksiyonlar.csproj", "{072FC25E-7F71-4EBC-898C-8FCA9F409449}"
EndProject
Project("{9A19103F-16F7-4668-BE54-9A1E7A4F7556}") = "GenericsIntro", "GenericsIntro\GenericsIntro.csproj", "{94533CB7-838F-4DB7-83F9-BDF84AF75902}"
EndProject
Project("{9A19103F-16F7-4668-BE54-9A1E7A4F7556}") = "OOP2", "OOP2\OOP2.csproj", "{D559DA1A-2D18-4820-AA46-0F2A411769E2}"
EndProject
Project("{9A19103F-16F7-4668-BE54-9A1E7A4F7556}") = "OOP3", "OOP3\OOP3.csproj", "{D0765425-5FF2-4FE9-9370-76A593A8396F}"
EndProject
Project("{9A19103F-16F7-4668-BE54-9A1E7A4F7556}") = "GameProject", "GameProject\GameProject.csproj", "{0982C4E1-BA0B-4217-A447-98683B12C089}"
EndProject
Project("{FAE04EC0-301F-11D3-BF4B-00C04F79EFBC}") = "ClassMetotDemo", "ClassMetotDemo\ClassMetotDemo.csproj", "{9FC0897D-1358-4A1C-86E3-135ABB47F8D3}"
EndProject
Project("{FAE04EC0-301F-11D3-BF4B-00C04F79EFBC}") = "IyiProgramciSerisi_RefereceTypes", "IyiProgramciSerisi_RefereceTypes\IyiProgramciSerisi_RefereceTypes.csproj", "{83228382-FBED-481B-9E16-C1CF3CDBD371}"
EndProject
Project("{FAE04EC0-301F-11D3-BF4B-00C04F79EFBC}") = "IyiProgramciSerisi_Constructors", "IyiProgramciSerisi_Constructors\IyiProgramciSerisi_Constructors.csproj", "{176270D6-AF9C-48F0-996E-AD0B1391B9C5}"
EndProject
Project("{FAE04EC0-301F-11D3-BF4B-00C04F79EFBC}") = "IyiProgramciSerisi_Generics", "IyiProgramciSerisi_Generics\IyiProgramciSerisi_Generics.csproj", "{92A4E9BD-9BCC-4C2A-9646-E3C476B8E2EA}"
EndProject
Global
	GlobalSection(SolutionConfigurationPlatforms) = preSolution
		Debug|Any CPU = Debug|Any CPU
		Release|Any CPU = Release|Any CPU
	EndGlobalSection
	GlobalSection(ProjectConfigurationPlatforms) = postSolution
		{F8188586-94B2-437F-9705-65F2CDB082C8}.Debug|Any CPU.ActiveCfg = Debug|Any CPU
		{F8188586-94B2-437F-9705-65F2CDB082C8}.Debug|Any CPU.Build.0 = Debug|Any CPU
		{F8188586-94B2-437F-9705-65F2CDB082C8}.Release|Any CPU.ActiveCfg = Release|Any CPU
		{F8188586-94B2-437F-9705-65F2CDB082C8}.Release|Any CPU.Build.0 = Release|Any CPU
		{73370698-BF92-4A96-A879-02CA1BB0840F}.Debug|Any CPU.ActiveCfg = Debug|Any CPU
		{73370698-BF92-4A96-A879-02CA1BB0840F}.Debug|Any CPU.Build.0 = Debug|Any CPU
		{73370698-BF92-4A96-A879-02CA1BB0840F}.Release|Any CPU.ActiveCfg = Release|Any CPU
		{73370698-BF92-4A96-A879-02CA1BB0840F}.Release|Any CPU.Build.0 = Release|Any CPU
		{3705A83B-4748-447E-960F-05FF9A1AC04F}.Debug|Any CPU.ActiveCfg = Debug|Any CPU
		{3705A83B-4748-447E-960F-05FF9A1AC04F}.Debug|Any CPU.Build.0 = Debug|Any CPU
		{3705A83B-4748-447E-960F-05FF9A1AC04F}.Release|Any CPU.ActiveCfg = Release|Any CPU
		{3705A83B-4748-447E-960F-05FF9A1AC04F}.Release|Any CPU.Build.0 = Release|Any CPU
		{D015FF90-8503-4799-94F3-CE02FC4CEDE7}.Debug|Any CPU.ActiveCfg = Debug|Any CPU
		{D015FF90-8503-4799-94F3-CE02FC4CEDE7}.Debug|Any CPU.Build.0 = Debug|Any CPU
		{D015FF90-8503-4799-94F3-CE02FC4CEDE7}.Release|Any CPU.ActiveCfg = Release|Any CPU
		{D015FF90-8503-4799-94F3-CE02FC4CEDE7}.Release|Any CPU.Build.0 = Release|Any CPU
		{B170CA7E-4FC3-4297-946B-66B7E72BDF14}.Debug|Any CPU.ActiveCfg = Debug|Any CPU
		{B170CA7E-4FC3-4297-946B-66B7E72BDF14}.Debug|Any CPU.Build.0 = Debug|Any CPU
		{B170CA7E-4FC3-4297-946B-66B7E72BDF14}.Release|Any CPU.ActiveCfg = Release|Any CPU
		{B170CA7E-4FC3-4297-946B-66B7E72BDF14}.Release|Any CPU.Build.0 = Release|Any CPU
		{80EC6F5E-D851-47B0-B38E-E47F3394381E}.Debug|Any CPU.ActiveCfg = Debug|Any CPU
		{80EC6F5E-D851-47B0-B38E-E47F3394381E}.Debug|Any CPU.Build.0 = Debug|Any CPU
		{80EC6F5E-D851-47B0-B38E-E47F3394381E}.Release|Any CPU.ActiveCfg = Release|Any CPU
		{80EC6F5E-D851-47B0-B38E-E47F3394381E}.Release|Any CPU.Build.0 = Release|Any CPU
		{31C824AA-F657-4D5B-9CF0-8AA9CBBA5D50}.Debug|Any CPU.ActiveCfg = Debug|Any CPU
		{31C824AA-F657-4D5B-9CF0-8AA9CBBA5D50}.Debug|Any CPU.Build.0 = Debug|Any CPU
		{31C824AA-F657-4D5B-9CF0-8AA9CBBA5D50}.Release|Any CPU.ActiveCfg = Release|Any CPU
		{31C824AA-F657-4D5B-9CF0-8AA9CBBA5D50}.Release|Any CPU.Build.0 = Release|Any CPU
		{072FC25E-7F71-4EBC-898C-8FCA9F409449}.Debug|Any CPU.ActiveCfg = Debug|Any CPU
		{072FC25E-7F71-4EBC-898C-8FCA9F409449}.Debug|Any CPU.Build.0 = Debug|Any CPU
		{072FC25E-7F71-4EBC-898C-8FCA9F409449}.Release|Any CPU.ActiveCfg = Release|Any CPU
		{072FC25E-7F71-4EBC-898C-8FCA9F409449}.Release|Any CPU.Build.0 = Release|Any CPU
		{94533CB7-838F-4DB7-83F9-BDF84AF75902}.Debug|Any CPU.ActiveCfg = Debug|Any CPU
		{94533CB7-838F-4DB7-83F9-BDF84AF75902}.Debug|Any CPU.Build.0 = Debug|Any CPU
		{94533CB7-838F-4DB7-83F9-BDF84AF75902}.Release|Any CPU.ActiveCfg = Release|Any CPU
		{94533CB7-838F-4DB7-83F9-BDF84AF75902}.Release|Any CPU.Build.0 = Release|Any CPU
		{D559DA1A-2D18-4820-AA46-0F2A411769E2}.Debug|Any CPU.ActiveCfg = Debug|Any CPU
		{D559DA1A-2D18-4820-AA46-0F2A411769E2}.Debug|Any CPU.Build.0 = Debug|Any CPU
		{D559DA1A-2D18-4820-AA46-0F2A411769E2}.Release|Any CPU.ActiveCfg = Release|Any CPU
		{D559DA1A-2D18-4820-AA46-0F2A411769E2}.Release|Any CPU.Build.0 = Release|Any CPU
		{D0765425-5FF2-4FE9-9370-76A593A8396F}.Debug|Any CPU.ActiveCfg = Debug|Any CPU
		{D0765425-5FF2-4FE9-9370-76A593A8396F}.Debug|Any CPU.Build.0 = Debug|Any CPU
		{D0765425-5FF2-4FE9-9370-76A593A8396F}.Release|Any CPU.ActiveCfg = Release|Any CPU
		{D0765425-5FF2-4FE9-9370-76A593A8396F}.Release|Any CPU.Build.0 = Release|Any CPU
		{0982C4E1-BA0B-4217-A447-98683B12C089}.Debug|Any CPU.ActiveCfg = Debug|Any CPU
		{0982C4E1-BA0B-4217-A447-98683B12C089}.Debug|Any CPU.Build.0 = Debug|Any CPU
		{0982C4E1-BA0B-4217-A447-98683B12C089}.Release|Any CPU.ActiveCfg = Release|Any CPU
		{0982C4E1-BA0B-4217-A447-98683B12C089}.Release|Any CPU.Build.0 = Release|Any CPU
		{9FC0897D-1358-4A1C-86E3-135ABB47F8D3}.Debug|Any CPU.ActiveCfg = Debug|Any CPU
		{9FC0897D-1358-4A1C-86E3-135ABB47F8D3}.Debug|Any CPU.Build.0 = Debug|Any CPU
		{9FC0897D-1358-4A1C-86E3-135ABB47F8D3}.Release|Any CPU.ActiveCfg = Release|Any CPU
		{9FC0897D-1358-4A1C-86E3-135ABB47F8D3}.Release|Any CPU.Build.0 = Release|Any CPU
		{83228382-FBED-481B-9E16-C1CF3CDBD371}.Debug|Any CPU.ActiveCfg = Debug|Any CPU
		{83228382-FBED-481B-9E16-C1CF3CDBD371}.Debug|Any CPU.Build.0 = Debug|Any CPU
		{83228382-FBED-481B-9E16-C1CF3CDBD371}.Release|Any CPU.ActiveCfg = Release|Any CPU
		{83228382-FBED-481B-9E16-C1CF3CDBD371}.Release|Any CPU.Build.0 = Release|Any CPU
		{176270D6-AF9C-48F0-996E-AD0B1391B9C5}.Debug|Any CPU.ActiveCfg = Debug|Any CPU
		{176270D6-AF9C-48F0-996E-AD0B1391B9C5}.Debug|Any CPU.Build.0 = Debug|Any CPU
		{176270D6-AF9C-48F0-996E-AD0B1391B9C5}.Release|Any CPU.ActiveCfg = Release|Any CPU
		{176270D6-AF9C-48F0-996E-AD0B1391B9C5}.Release|Any CPU.Build.0 = Release|Any CPU
		{92A4E9BD-9BCC-4C2A-9646-E3C476B8E2EA}.Debug|Any CPU.ActiveCfg = Debug|Any CPU
		{92A4E9BD-9BCC-4C2A-9646-E3C476B8E2EA}.Debug|Any CPU.Build.0 = Debug|Any CPU
		{92A4E9BD-9BCC-4C2A-9646-E3C476B8E2EA}.Release|Any CPU.ActiveCfg = Release|Any CPU
		{92A4E9BD-9BCC-4C2A-9646-E3C476B8E2EA}.Release|Any CPU.Build.0 = Release|Any CPU
	EndGlobalSection
	GlobalSection(SolutionProperties) = preSolution
		HideSolutionNode = FALSE
	EndGlobalSection
	GlobalSection(ExtensibilityGlobals) = postSolution
		SolutionGuid = {7F848B1D-F55E-4BE6-87CB-69007E9C0A5D}
	EndGlobalSection
EndGlobal
